
Microsoft Visual Studio Solution File, Format Version 12.00
# Visual Studio Version 17
VisualStudioVersion = 17.9.34728.123
MinimumVisualStudioVersion = 10.0.40219.1
Project("{FAE04EC0-301F-11D3-BF4B-00C04F79EFBC}") = "imc", "imc\imc.csproj", "{AB3F5BA8-37E6-4569-B7E4-4F74106BA593}"
EndProject
Global
	GlobalSection(SolutionConfigurationPlatforms) = preSolution
		Debug|Any CPU = Debug|Any CPU
		Release|Any CPU = Release|Any CPU
	EndGlobalSection
	GlobalSection(ProjectConfigurationPlatforms) = postSolution
		{AB3F5BA8-37E6-4569-B7E4-4F74106BA593}.Debug|Any CPU.ActiveCfg = Debug|Any CPU
		{AB3F5BA8-37E6-4569-B7E4-4F74106BA593}.Debug|Any CPU.Build.0 = Debug|Any CPU
		{AB3F5BA8-37E6-4569-B7E4-4F74106BA593}.Release|Any CPU.ActiveCfg = Release|Any CPU
		{AB3F5BA8-37E6-4569-B7E4-4F74106BA593}.Release|Any CPU.Build.0 = Release|Any CPU
	EndGlobalSection
	GlobalSection(SolutionProperties) = preSolution
		HideSolutionNode = FALSE
	EndGlobalSection
	GlobalSection(ExtensibilityGlobals) = postSolution
		SolutionGuid = {B4D5D9CA-9276-4D0E-B229-A738F71D3AD8}
	EndGlobalSection
EndGlobal
